
Microsoft Visual Studio Solution File, Format Version 12.00
# Visual Studio Version 17
VisualStudioVersion = 17.4.33205.214
MinimumVisualStudioVersion = 10.0.40219.1
Project("{FAE04EC0-301F-11D3-BF4B-00C04F79EFBC}") = "MathCalcs", "MathCalcs\MathCalcs.csproj", "{3194C7C9-DBE0-4205-807A-8B01EAFCB1EC}"
EndProject
Global
	GlobalSection(SolutionConfigurationPlatforms) = preSolution
		Debug|Any CPU = Debug|Any CPU
		Release|Any CPU = Release|Any CPU
	EndGlobalSection
	GlobalSection(ProjectConfigurationPlatforms) = postSolution
		{3194C7C9-DBE0-4205-807A-8B01EAFCB1EC}.Debug|Any CPU.ActiveCfg = Debug|Any CPU
		{3194C7C9-DBE0-4205-807A-8B01EAFCB1EC}.Debug|Any CPU.Build.0 = Debug|Any CPU
		{3194C7C9-DBE0-4205-807A-8B01EAFCB1EC}.Release|Any CPU.ActiveCfg = Release|Any CPU
		{3194C7C9-DBE0-4205-807A-8B01EAFCB1EC}.Release|Any CPU.Build.0 = Release|Any CPU
	EndGlobalSection
	GlobalSection(SolutionProperties) = preSolution
		HideSolutionNode = FALSE
	EndGlobalSection
	GlobalSection(ExtensibilityGlobals) = postSolution
		SolutionGuid = {1DCA1448-D345-4E95-A8B8-B383864E9538}
	EndGlobalSection
EndGlobal
